
Microsoft Visual Studio Solution File, Format Version 12.00
# Visual Studio Version 17
VisualStudioVersion = 17.1.32328.378
MinimumVisualStudioVersion = 10.0.40219.1
Project("{2150E333-8FDC-42A3-9474-1A3956D46DE8}") = "Services", "Services", "{F6661EFF-29F6-406B-B61B-62033F6BF53C}"
EndProject
Project("{9A19103F-16F7-4668-BE54-9A1E7A4F7556}") = "NordCloud.Services.EventCatalog", "NordCloud.Services.EventCatalog\NordCloud.Services.EventCatalog.csproj", "{0565D78E-7A30-4CCA-8B85-EE580D3F5F82}"
EndProject
Project("{2150E333-8FDC-42A3-9474-1A3956D46DE8}") = "Integration", "Integration", "{2BE3D5EC-E5BC-4172-8123-59BDC5B035A5}"
EndProject
Project("{9A19103F-16F7-4668-BE54-9A1E7A4F7556}") = "NordCloud.Integration.Messages", "NordCloud.Integration.Messages\NordCloud.Integration.Messages.csproj", "{69D78B08-1A5D-4D97-921A-321522D43726}"
EndProject
Project("{9A19103F-16F7-4668-BE54-9A1E7A4F7556}") = "NordCloud.Integration.MessagingBus", "NordCloud.Integration.MessagingBus\NordCloud.Integration.MessagingBus.csproj", "{42EC7521-EB03-4155-A176-478F4FAB0CD2}"
EndProject
Project("{2150E333-8FDC-42A3-9474-1A3956D46DE8}") = "Gateway", "Gateway", "{A6DD7B78-C51F-4E08-B91C-DBA8B7E23E91}"
EndProject
Project("{9A19103F-16F7-4668-BE54-9A1E7A4F7556}") = "NordCloud.Gateway.WebBff", "NordCloud.Gateway.WebBff\NordCloud.Gateway.WebBff.csproj", "{58898710-7CAA-4D76-85FA-0AA6F3E80191}"
EndProject
Project("{2150E333-8FDC-42A3-9474-1A3956D46DE8}") = "Frontends", "Frontends", "{1E97128E-50B8-4D2A-A974-87BCA9F8D44B}"
EndProject
Project("{2150E333-8FDC-42A3-9474-1A3956D46DE8}") = "Mobile", "Mobile", "{2E748530-79B7-4CAC-9F40-00185E30A70D}"
EndProject
Project("{2150E333-8FDC-42A3-9474-1A3956D46DE8}") = "Web", "Web", "{C8676EA2-1EFC-4E0B-93D3-74B72C2497CF}"
EndProject
Project("{9A19103F-16F7-4668-BE54-9A1E7A4F7556}") = "NordCloud.Web", "NordCloud.Web\NordCloud.Web.csproj", "{4814A32D-3045-4115-8792-108737D38A10}"
EndProject
Project("{9A19103F-16F7-4668-BE54-9A1E7A4F7556}") = "NordCloud.Services.CaseStudy", "NordCloud.Services.CaseStudy\NordCloud.Services.CaseStudy.csproj", "{1DEBFC69-9A26-4505-9460-680DDDBA4BFB}"
EndProject
Project("{2150E333-8FDC-42A3-9474-1A3956D46DE8}") = "Common", "Common", "{F431D558-1C70-44AF-9CA4-8FA4B89BD8B0}"
EndProject
Project("{9A19103F-16F7-4668-BE54-9A1E7A4F7556}") = "NordCloud.Common.Logging", "NordCloud.Common.Logging\NordCloud.Common.Logging.csproj", "{BE6EEBBF-9E3D-4791-90FA-B0B3D09A436D}"
EndProject
Project("{2150E333-8FDC-42A3-9474-1A3956D46DE8}") = "Tests", "Tests", "{0DB45993-4997-4794-BD50-F795F4EA3ED5}"
EndProject
Project("{2150E333-8FDC-42A3-9474-1A3956D46DE8}") = "Services", "Services", "{750B3593-0D7A-45AE-B552-40B39D8CC7B8}"
EndProject
Project("{9A19103F-16F7-4668-BE54-9A1E7A4F7556}") = "NordCloud.Services.EventCatalog.UnitTests", "NordCloud.Services.EventCatalog.UnitTests\NordCloud.Services.EventCatalog.UnitTests.csproj", "{E16EE9D6-1E7D-479B-824B-11C2381C77C8}"
EndProject
Project("{2150E333-8FDC-42A3-9474-1A3956D46DE8}") = "UnitTests", "UnitTests", "{FD5C9AE4-0B0F-4F84-82F4-FDE0ECEFEF4C}"
EndProject
Project("{2150E333-8FDC-42A3-9474-1A3956D46DE8}") = "IntegrationTests", "IntegrationTests", "{52171042-49C0-46A6-889B-C7EFA8510567}"
EndProject
Project("{2150E333-8FDC-42A3-9474-1A3956D46DE8}") = "Gateway", "Gateway", "{3E2B6557-8A23-4568-A457-F7319836E84C}"
EndProject
Project("{9A19103F-16F7-4668-BE54-9A1E7A4F7556}") = "NordCloud.Gateway.WebBff.IntegrationTests", "NordCloud.Gateway.WebBff.IntegrationTests\NordCloud.Gateway.WebBff.IntegrationTests.csproj", "{DE3EBBF3-C424-4FEC-A153-D548D9F3B5BA}"
EndProject
Project("{2150E333-8FDC-42A3-9474-1A3956D46DE8}") = "Services", "Services", "{EBCCD823-6C80-4F19-8782-43DB38D662D7}"
EndProject
Project("{9A19103F-16F7-4668-BE54-9A1E7A4F7556}") = "NordCloud.Services.EventCatalog.IntegrationTests", "NordCloud.Services.EventCatalog.IntegrationTests\NordCloud.Services.EventCatalog.IntegrationTests.csproj", "{C109A5CF-4F94-4763-96AE-3B798AABD271}"
EndProject
Project("{9A19103F-16F7-4668-BE54-9A1E7A4F7556}") = "NordCloud.Common.HealthCheck", "NordCloud.Common.HealthCheck\NordCloud.Common.HealthCheck.csproj", "{D7C1118A-650E-49CF-A546-442356DEC6B1}"
EndProject
Global
	GlobalSection(SolutionConfigurationPlatforms) = preSolution
		Debug|Any CPU = Debug|Any CPU
		Release|Any CPU = Release|Any CPU
	EndGlobalSection
	GlobalSection(ProjectConfigurationPlatforms) = postSolution
		{0565D78E-7A30-4CCA-8B85-EE580D3F5F82}.Debug|Any CPU.ActiveCfg = Debug|Any CPU
		{0565D78E-7A30-4CCA-8B85-EE580D3F5F82}.Debug|Any CPU.Build.0 = Debug|Any CPU
		{0565D78E-7A30-4CCA-8B85-EE580D3F5F82}.Release|Any CPU.ActiveCfg = Release|Any CPU
		{0565D78E-7A30-4CCA-8B85-EE580D3F5F82}.Release|Any CPU.Build.0 = Release|Any CPU
		{69D78B08-1A5D-4D97-921A-321522D43726}.Debug|Any CPU.ActiveCfg = Debug|Any CPU
		{69D78B08-1A5D-4D97-921A-321522D43726}.Debug|Any CPU.Build.0 = Debug|Any CPU
		{69D78B08-1A5D-4D97-921A-321522D43726}.Release|Any CPU.ActiveCfg = Release|Any CPU
		{69D78B08-1A5D-4D97-921A-321522D43726}.Release|Any CPU.Build.0 = Release|Any CPU
		{42EC7521-EB03-4155-A176-478F4FAB0CD2}.Debug|Any CPU.ActiveCfg = Debug|Any CPU
		{42EC7521-EB03-4155-A176-478F4FAB0CD2}.Debug|Any CPU.Build.0 = Debug|Any CPU
		{42EC7521-EB03-4155-A176-478F4FAB0CD2}.Release|Any CPU.ActiveCfg = Release|Any CPU
		{42EC7521-EB03-4155-A176-478F4FAB0CD2}.Release|Any CPU.Build.0 = Release|Any CPU
		{58898710-7CAA-4D76-85FA-0AA6F3E80191}.Debug|Any CPU.ActiveCfg = Debug|Any CPU
		{58898710-7CAA-4D76-85FA-0AA6F3E80191}.Debug|Any CPU.Build.0 = Debug|Any CPU
		{58898710-7CAA-4D76-85FA-0AA6F3E80191}.Release|Any CPU.ActiveCfg = Release|Any CPU
		{58898710-7CAA-4D76-85FA-0AA6F3E80191}.Release|Any CPU.Build.0 = Release|Any CPU
		{4814A32D-3045-4115-8792-108737D38A10}.Debug|Any CPU.ActiveCfg = Debug|Any CPU
		{4814A32D-3045-4115-8792-108737D38A10}.Debug|Any CPU.Build.0 = Debug|Any CPU
		{4814A32D-3045-4115-8792-108737D38A10}.Release|Any CPU.ActiveCfg = Release|Any CPU
		{4814A32D-3045-4115-8792-108737D38A10}.Release|Any CPU.Build.0 = Release|Any CPU
		{1DEBFC69-9A26-4505-9460-680DDDBA4BFB}.Debug|Any CPU.ActiveCfg = Debug|Any CPU
		{1DEBFC69-9A26-4505-9460-680DDDBA4BFB}.Debug|Any CPU.Build.0 = Debug|Any CPU
		{1DEBFC69-9A26-4505-9460-680DDDBA4BFB}.Release|Any CPU.ActiveCfg = Release|Any CPU
		{1DEBFC69-9A26-4505-9460-680DDDBA4BFB}.Release|Any CPU.Build.0 = Release|Any CPU
		{BE6EEBBF-9E3D-4791-90FA-B0B3D09A436D}.Debug|Any CPU.ActiveCfg = Debug|Any CPU
		{BE6EEBBF-9E3D-4791-90FA-B0B3D09A436D}.Debug|Any CPU.Build.0 = Debug|Any CPU
		{BE6EEBBF-9E3D-4791-90FA-B0B3D09A436D}.Release|Any CPU.ActiveCfg = Release|Any CPU
		{BE6EEBBF-9E3D-4791-90FA-B0B3D09A436D}.Release|Any CPU.Build.0 = Release|Any CPU
		{E16EE9D6-1E7D-479B-824B-11C2381C77C8}.Debug|Any CPU.ActiveCfg = Debug|Any CPU
		{E16EE9D6-1E7D-479B-824B-11C2381C77C8}.Debug|Any CPU.Build.0 = Debug|Any CPU
		{E16EE9D6-1E7D-479B-824B-11C2381C77C8}.Release|Any CPU.ActiveCfg = Release|Any CPU
		{E16EE9D6-1E7D-479B-824B-11C2381C77C8}.Release|Any CPU.Build.0 = Release|Any CPU
		{DE3EBBF3-C424-4FEC-A153-D548D9F3B5BA}.Debug|Any CPU.ActiveCfg = Debug|Any CPU
		{DE3EBBF3-C424-4FEC-A153-D548D9F3B5BA}.Debug|Any CPU.Build.0 = Debug|Any CPU
		{DE3EBBF3-C424-4FEC-A153-D548D9F3B5BA}.Release|Any CPU.ActiveCfg = Release|Any CPU
		{DE3EBBF3-C424-4FEC-A153-D548D9F3B5BA}.Release|Any CPU.Build.0 = Release|Any CPU
		{C109A5CF-4F94-4763-96AE-3B798AABD271}.Debug|Any CPU.ActiveCfg = Debug|Any CPU
		{C109A5CF-4F94-4763-96AE-3B798AABD271}.Debug|Any CPU.Build.0 = Debug|Any CPU
		{C109A5CF-4F94-4763-96AE-3B798AABD271}.Release|Any CPU.ActiveCfg = Release|Any CPU
		{C109A5CF-4F94-4763-96AE-3B798AABD271}.Release|Any CPU.Build.0 = Release|Any CPU
		{D7C1118A-650E-49CF-A546-442356DEC6B1}.Debug|Any CPU.ActiveCfg = Debug|Any CPU
		{D7C1118A-650E-49CF-A546-442356DEC6B1}.Debug|Any CPU.Build.0 = Debug|Any CPU
		{D7C1118A-650E-49CF-A546-442356DEC6B1}.Release|Any CPU.ActiveCfg = Release|Any CPU
		{D7C1118A-650E-49CF-A546-442356DEC6B1}.Release|Any CPU.Build.0 = Release|Any CPU
	EndGlobalSection
	GlobalSection(SolutionProperties) = preSolution
		HideSolutionNode = FALSE
	EndGlobalSection
	GlobalSection(NestedProjects) = preSolution
		{0565D78E-7A30-4CCA-8B85-EE580D3F5F82} = {F6661EFF-29F6-406B-B61B-62033F6BF53C}
		{69D78B08-1A5D-4D97-921A-321522D43726} = {2BE3D5EC-E5BC-4172-8123-59BDC5B035A5}
		{42EC7521-EB03-4155-A176-478F4FAB0CD2} = {2BE3D5EC-E5BC-4172-8123-59BDC5B035A5}
		{58898710-7CAA-4D76-85FA-0AA6F3E80191} = {A6DD7B78-C51F-4E08-B91C-DBA8B7E23E91}
		{2E748530-79B7-4CAC-9F40-00185E30A70D} = {1E97128E-50B8-4D2A-A974-87BCA9F8D44B}
		{C8676EA2-1EFC-4E0B-93D3-74B72C2497CF} = {1E97128E-50B8-4D2A-A974-87BCA9F8D44B}
		{4814A32D-3045-4115-8792-108737D38A10} = {C8676EA2-1EFC-4E0B-93D3-74B72C2497CF}
		{1DEBFC69-9A26-4505-9460-680DDDBA4BFB} = {F6661EFF-29F6-406B-B61B-62033F6BF53C}
		{BE6EEBBF-9E3D-4791-90FA-B0B3D09A436D} = {F431D558-1C70-44AF-9CA4-8FA4B89BD8B0}
		{750B3593-0D7A-45AE-B552-40B39D8CC7B8} = {FD5C9AE4-0B0F-4F84-82F4-FDE0ECEFEF4C}
		{E16EE9D6-1E7D-479B-824B-11C2381C77C8} = {750B3593-0D7A-45AE-B552-40B39D8CC7B8}
		{FD5C9AE4-0B0F-4F84-82F4-FDE0ECEFEF4C} = {0DB45993-4997-4794-BD50-F795F4EA3ED5}
		{52171042-49C0-46A6-889B-C7EFA8510567} = {0DB45993-4997-4794-BD50-F795F4EA3ED5}
		{3E2B6557-8A23-4568-A457-F7319836E84C} = {52171042-49C0-46A6-889B-C7EFA8510567}
		{DE3EBBF3-C424-4FEC-A153-D548D9F3B5BA} = {3E2B6557-8A23-4568-A457-F7319836E84C}
		{EBCCD823-6C80-4F19-8782-43DB38D662D7} = {52171042-49C0-46A6-889B-C7EFA8510567}
		{C109A5CF-4F94-4763-96AE-3B798AABD271} = {EBCCD823-6C80-4F19-8782-43DB38D662D7}
		{D7C1118A-650E-49CF-A546-442356DEC6B1} = {F431D558-1C70-44AF-9CA4-8FA4B89BD8B0}
	EndGlobalSection
	GlobalSection(ExtensibilityGlobals) = postSolution
		SolutionGuid = {F5DA73B4-DEE1-4C49-9212-9678094826A0}
	EndGlobalSection
EndGlobal
